
Microsoft Visual Studio Solution File, Format Version 12.00
# Visual Studio Version 17
VisualStudioVersion = 17.10.35122.118
MinimumVisualStudioVersion = 10.0.40219.1
Project("{FAE04EC0-301F-11D3-BF4B-00C04F79EFBC}") = "ProyectoGestionPedido", "ProyectoGestionPedido\ProyectoGestionPedido.csproj", "{D4A56FA3-C2B5-49C5-857C-DB00B86EE5E1}"
EndProject
Global
	GlobalSection(SolutionConfigurationPlatforms) = preSolution
		Debug|Any CPU = Debug|Any CPU
		Release|Any CPU = Release|Any CPU
	EndGlobalSection
	GlobalSection(ProjectConfigurationPlatforms) = postSolution
		{D4A56FA3-C2B5-49C5-857C-DB00B86EE5E1}.Debug|Any CPU.ActiveCfg = Debug|Any CPU
		{D4A56FA3-C2B5-49C5-857C-DB00B86EE5E1}.Debug|Any CPU.Build.0 = Debug|Any CPU
		{D4A56FA3-C2B5-49C5-857C-DB00B86EE5E1}.Release|Any CPU.ActiveCfg = Release|Any CPU
		{D4A56FA3-C2B5-49C5-857C-DB00B86EE5E1}.Release|Any CPU.Build.0 = Release|Any CPU
	EndGlobalSection
	GlobalSection(SolutionProperties) = preSolution
		HideSolutionNode = FALSE
	EndGlobalSection
	GlobalSection(ExtensibilityGlobals) = postSolution
		SolutionGuid = {56847C95-0EAE-42D8-843A-AC5F4D24CE89}
	EndGlobalSection
EndGlobal
